// !$*UTF8*$!
{
	archiveVersion = 1;
	classes = {
	};
	objectVersion = 50;
	objects = {

/* Begin PBXBuildFile section */
		9C9D4FDD2434E2C700B1C9EC /* NewsCardsTableViewController.swift in Sources */ = {isa = PBXBuildFile; fileRef = 9C9D4FDC2434E2C700B1C9EC /* NewsCardsTableViewController.swift */; };
		9CDE22002433BB9400A3505A /* AppDelegate.swift in Sources */ = {isa = PBXBuildFile; fileRef = 9CDE21FF2433BB9400A3505A /* AppDelegate.swift */; };
		9CDE22022433BB9400A3505A /* SceneDelegate.swift in Sources */ = {isa = PBXBuildFile; fileRef = 9CDE22012433BB9400A3505A /* SceneDelegate.swift */; };
		9CDE22042433BB9400A3505A /* ViewController.swift in Sources */ = {isa = PBXBuildFile; fileRef = 9CDE22032433BB9400A3505A /* ViewController.swift */; };
		9CDE22072433BB9400A3505A /* Main.storyboard in Resources */ = {isa = PBXBuildFile; fileRef = 9CDE22052433BB9400A3505A /* Main.storyboard */; };
		9CDE220A2433BB9400A3505A /* covid_info.xcdatamodeld in Sources */ = {isa = PBXBuildFile; fileRef = 9CDE22082433BB9400A3505A /* covid_info.xcdatamodeld */; };
		9CDE220C2433BB9700A3505A /* Assets.xcassets in Resources */ = {isa = PBXBuildFile; fileRef = 9CDE220B2433BB9700A3505A /* Assets.xcassets */; };
		9CDE220F2433BB9700A3505A /* LaunchScreen.storyboard in Resources */ = {isa = PBXBuildFile; fileRef = 9CDE220D2433BB9700A3505A /* LaunchScreen.storyboard */; };
		9CDE221A2433BB9700A3505A /* covid_infoTests.swift in Sources */ = {isa = PBXBuildFile; fileRef = 9CDE22192433BB9700A3505A /* covid_infoTests.swift */; };
		9CDE22252433BB9700A3505A /* covid_infoUITests.swift in Sources */ = {isa = PBXBuildFile; fileRef = 9CDE22242433BB9700A3505A /* covid_infoUITests.swift */; };
		9CDE22332433BE0D00A3505A /* CountryCardsTableViewController.swift in Sources */ = {isa = PBXBuildFile; fileRef = 9CDE22322433BE0D00A3505A /* CountryCardsTableViewController.swift */; };
		9CDE22382433BEB800A3505A /* Logger.swift in Sources */ = {isa = PBXBuildFile; fileRef = 9CDE22352433BEB800A3505A /* Logger.swift */; };
		9CDE22392433BEB800A3505A /* ColorExtensions.swift in Sources */ = {isa = PBXBuildFile; fileRef = 9CDE22362433BEB800A3505A /* ColorExtensions.swift */; };
		9CDE223A2433BEB800A3505A /* Extensions.swift in Sources */ = {isa = PBXBuildFile; fileRef = 9CDE22372433BEB800A3505A /* Extensions.swift */; };
		9CDE223F2433BEC000A3505A /* APIWorker.swift in Sources */ = {isa = PBXBuildFile; fileRef = 9CDE223C2433BEC000A3505A /* APIWorker.swift */; };
		9CDE22402433BEC000A3505A /* DTO.swift in Sources */ = {isa = PBXBuildFile; fileRef = 9CDE223D2433BEC000A3505A /* DTO.swift */; };
		9CDE22412433BEC000A3505A /* XMLParserManager.swift in Sources */ = {isa = PBXBuildFile; fileRef = 9CDE223E2433BEC000A3505A /* XMLParserManager.swift */; };
		9CDE224D2434AA2B00A3505A /* Localizable.strings in Resources */ = {isa = PBXBuildFile; fileRef = 9CDE224B2434AA2B00A3505A /* Localizable.strings */; };
/* End PBXBuildFile section */

/* Begin PBXContainerItemProxy section */
		9CDE22162433BB9700A3505A /* PBXContainerItemProxy */ = {
			isa = PBXContainerItemProxy;
			containerPortal = 9CDE21F42433BB9400A3505A /* Project object */;
			proxyType = 1;
			remoteGlobalIDString = 9CDE21FB2433BB9400A3505A;
			remoteInfo = "covid-info";
		};
		9CDE22212433BB9700A3505A /* PBXContainerItemProxy */ = {
			isa = PBXContainerItemProxy;
			containerPortal = 9CDE21F42433BB9400A3505A /* Project object */;
			proxyType = 1;
			remoteGlobalIDString = 9CDE21FB2433BB9400A3505A;
			remoteInfo = "covid-info";
		};
/* End PBXContainerItemProxy section */

/* Begin PBXFileReference section */
		9C9D4FDC2434E2C700B1C9EC /* NewsCardsTableViewController.swift */ = {isa = PBXFileReference; lastKnownFileType = sourcecode.swift; path = NewsCardsTableViewController.swift; sourceTree = "<group>"; };
		9CDE21FC2433BB9400A3505A /* covid-info.app */ = {isa = PBXFileReference; explicitFileType = wrapper.application; includeInIndex = 0; path = "covid-info.app"; sourceTree = BUILT_PRODUCTS_DIR; };
		9CDE21FF2433BB9400A3505A /* AppDelegate.swift */ = {isa = PBXFileReference; lastKnownFileType = sourcecode.swift; path = AppDelegate.swift; sourceTree = "<group>"; };
		9CDE22012433BB9400A3505A /* SceneDelegate.swift */ = {isa = PBXFileReference; lastKnownFileType = sourcecode.swift; path = SceneDelegate.swift; sourceTree = "<group>"; };
		9CDE22032433BB9400A3505A /* ViewController.swift */ = {isa = PBXFileReference; lastKnownFileType = sourcecode.swift; path = ViewController.swift; sourceTree = "<group>"; };
		9CDE22062433BB9400A3505A /* Base */ = {isa = PBXFileReference; lastKnownFileType = file.storyboard; name = Base; path = Base.lproj/Main.storyboard; sourceTree = "<group>"; };
		9CDE22092433BB9400A3505A /* covid_info.xcdatamodel */ = {isa = PBXFileReference; lastKnownFileType = wrapper.xcdatamodel; path = covid_info.xcdatamodel; sourceTree = "<group>"; };
		9CDE220B2433BB9700A3505A /* Assets.xcassets */ = {isa = PBXFileReference; lastKnownFileType = folder.assetcatalog; path = Assets.xcassets; sourceTree = "<group>"; };
		9CDE220E2433BB9700A3505A /* Base */ = {isa = PBXFileReference; lastKnownFileType = file.storyboard; name = Base; path = Base.lproj/LaunchScreen.storyboard; sourceTree = "<group>"; };
		9CDE22102433BB9700A3505A /* Info.plist */ = {isa = PBXFileReference; lastKnownFileType = text.plist.xml; path = Info.plist; sourceTree = "<group>"; };
		9CDE22152433BB9700A3505A /* covid-infoTests.xctest */ = {isa = PBXFileReference; explicitFileType = wrapper.cfbundle; includeInIndex = 0; path = "covid-infoTests.xctest"; sourceTree = BUILT_PRODUCTS_DIR; };
		9CDE22192433BB9700A3505A /* covid_infoTests.swift */ = {isa = PBXFileReference; lastKnownFileType = sourcecode.swift; path = covid_infoTests.swift; sourceTree = "<group>"; };
		9CDE221B2433BB9700A3505A /* Info.plist */ = {isa = PBXFileReference; lastKnownFileType = text.plist.xml; path = Info.plist; sourceTree = "<group>"; };
		9CDE22202433BB9700A3505A /* covid-infoUITests.xctest */ = {isa = PBXFileReference; explicitFileType = wrapper.cfbundle; includeInIndex = 0; path = "covid-infoUITests.xctest"; sourceTree = BUILT_PRODUCTS_DIR; };
		9CDE22242433BB9700A3505A /* covid_infoUITests.swift */ = {isa = PBXFileReference; lastKnownFileType = sourcecode.swift; path = covid_infoUITests.swift; sourceTree = "<group>"; };
		9CDE22262433BB9700A3505A /* Info.plist */ = {isa = PBXFileReference; lastKnownFileType = text.plist.xml; path = Info.plist; sourceTree = "<group>"; };
		9CDE22322433BE0D00A3505A /* CountryCardsTableViewController.swift */ = {isa = PBXFileReference; lastKnownFileType = sourcecode.swift; path = CountryCardsTableViewController.swift; sourceTree = "<group>"; };
		9CDE22352433BEB800A3505A /* Logger.swift */ = {isa = PBXFileReference; fileEncoding = 4; lastKnownFileType = sourcecode.swift; path = Logger.swift; sourceTree = "<group>"; };
		9CDE22362433BEB800A3505A /* ColorExtensions.swift */ = {isa = PBXFileReference; fileEncoding = 4; lastKnownFileType = sourcecode.swift; path = ColorExtensions.swift; sourceTree = "<group>"; };
		9CDE22372433BEB800A3505A /* Extensions.swift */ = {isa = PBXFileReference; fileEncoding = 4; lastKnownFileType = sourcecode.swift; path = Extensions.swift; sourceTree = "<group>"; };
		9CDE223C2433BEC000A3505A /* APIWorker.swift */ = {isa = PBXFileReference; fileEncoding = 4; lastKnownFileType = sourcecode.swift; path = APIWorker.swift; sourceTree = "<group>"; };
		9CDE223D2433BEC000A3505A /* DTO.swift */ = {isa = PBXFileReference; fileEncoding = 4; lastKnownFileType = sourcecode.swift; path = DTO.swift; sourceTree = "<group>"; };
		9CDE223E2433BEC000A3505A /* XMLParserManager.swift */ = {isa = PBXFileReference; fileEncoding = 4; lastKnownFileType = sourcecode.swift; path = XMLParserManager.swift; sourceTree = "<group>"; };
		9CDE224A2434AA0F00A3505A /* Assets.xcassets */ = {isa = PBXFileReference; lastKnownFileType = folder.assetcatalog; path = Assets.xcassets; sourceTree = "<group>"; };
		9CDE224C2434AA2B00A3505A /* en */ = {isa = PBXFileReference; lastKnownFileType = text.plist.strings; name = en; path = en.lproj/Localizable.strings; sourceTree = "<group>"; };
		9CDE224E2434AA4300A3505A /* ru */ = {isa = PBXFileReference; lastKnownFileType = text.plist.strings; name = ru; path = ru.lproj/Localizable.strings; sourceTree = "<group>"; };
		9CDE22532434C06700A3505A /* en */ = {isa = PBXFileReference; lastKnownFileType = file.storyboard; name = en; path = en.lproj/Main.storyboard; sourceTree = "<group>"; };
		9CDE22542434C06D00A3505A /* ru */ = {isa = PBXFileReference; lastKnownFileType = file.storyboard; name = ru; path = ru.lproj/Main.storyboard; sourceTree = "<group>"; };
/* End PBXFileReference section */

/* Begin PBXFrameworksBuildPhase section */
		9CDE21F92433BB9400A3505A /* Frameworks */ = {
			isa = PBXFrameworksBuildPhase;
			buildActionMask = 2147483647;
			files = (
			);
			runOnlyForDeploymentPostprocessing = 0;
		};
		9CDE22122433BB9700A3505A /* Frameworks */ = {
			isa = PBXFrameworksBuildPhase;
			buildActionMask = 2147483647;
			files = (
			);
			runOnlyForDeploymentPostprocessing = 0;
		};
		9CDE221D2433BB9700A3505A /* Frameworks */ = {
			isa = PBXFrameworksBuildPhase;
			buildActionMask = 2147483647;
			files = (
			);
			runOnlyForDeploymentPostprocessing = 0;
		};
/* End PBXFrameworksBuildPhase section */

/* Begin PBXGroup section */
		9CDE21F32433BB9400A3505A = {
			isa = PBXGroup;
			children = (
				9CDE21FE2433BB9400A3505A /* covid-info */,
				9CDE22182433BB9700A3505A /* covid-infoTests */,
				9CDE22232433BB9700A3505A /* covid-infoUITests */,
				9CDE21FD2433BB9400A3505A /* Products */,
			);
			sourceTree = "<group>";
		};
		9CDE21FD2433BB9400A3505A /* Products */ = {
			isa = PBXGroup;
			children = (
				9CDE21FC2433BB9400A3505A /* covid-info.app */,
				9CDE22152433BB9700A3505A /* covid-infoTests.xctest */,
				9CDE22202433BB9700A3505A /* covid-infoUITests.xctest */,
			);
			name = Products;
			sourceTree = "<group>";
		};
		9CDE21FE2433BB9400A3505A /* covid-info */ = {
			isa = PBXGroup;
			children = (
				9CDE21FF2433BB9400A3505A /* AppDelegate.swift */,
				9CDE22012433BB9400A3505A /* SceneDelegate.swift */,
				9CDE22032433BB9400A3505A /* ViewController.swift */,
				9CDE22052433BB9400A3505A /* Main.storyboard */,
				9CDE22452434AA0300A3505A /* Resources */,
				9CDE22322433BE0D00A3505A /* CountryCardsTableViewController.swift */,
				9C9D4FDC2434E2C700B1C9EC /* NewsCardsTableViewController.swift */,
				9CDE220B2433BB9700A3505A /* Assets.xcassets */,
				9CDE220D2433BB9700A3505A /* LaunchScreen.storyboard */,
				9CDE22102433BB9700A3505A /* Info.plist */,
				9CDE22082433BB9400A3505A /* covid_info.xcdatamodeld */,
				9CDE223B2433BEC000A3505A /* Network */,
				9CDE22342433BEB800A3505A /* Helpers */,
			);
			path = "covid-info";
			sourceTree = "<group>";
		};
		9CDE22182433BB9700A3505A /* covid-infoTests */ = {
			isa = PBXGroup;
			children = (
				9CDE22192433BB9700A3505A /* covid_infoTests.swift */,
				9CDE221B2433BB9700A3505A /* Info.plist */,
			);
			path = "covid-infoTests";
			sourceTree = "<group>";
		};
		9CDE22232433BB9700A3505A /* covid-infoUITests */ = {
			isa = PBXGroup;
			children = (
				9CDE22242433BB9700A3505A /* covid_infoUITests.swift */,
				9CDE22262433BB9700A3505A /* Info.plist */,
			);
			path = "covid-infoUITests";
			sourceTree = "<group>";
		};
		9CDE22342433BEB800A3505A /* Helpers */ = {
			isa = PBXGroup;
			children = (
				9CDE22352433BEB800A3505A /* Logger.swift */,
				9CDE22362433BEB800A3505A /* ColorExtensions.swift */,
				9CDE22372433BEB800A3505A /* Extensions.swift */,
			);
			path = Helpers;
			sourceTree = "<group>";
		};
		9CDE223B2433BEC000A3505A /* Network */ = {
			isa = PBXGroup;
			children = (
				9CDE223C2433BEC000A3505A /* APIWorker.swift */,
				9CDE223D2433BEC000A3505A /* DTO.swift */,
				9CDE223E2433BEC000A3505A /* XMLParserManager.swift */,
			);
			path = Network;
			sourceTree = "<group>";
		};
		9CDE22452434AA0300A3505A /* Resources */ = {
			isa = PBXGroup;
			children = (
				9CDE224A2434AA0F00A3505A /* Assets.xcassets */,
				9CDE224B2434AA2B00A3505A /* Localizable.strings */,
			);
			name = Resources;
			path = ../../covidinfo/covidInfo/Resources;
			sourceTree = "<group>";
		};
/* End PBXGroup section */

/* Begin PBXNativeTarget section */
		9CDE21FB2433BB9400A3505A /* covid-info */ = {
			isa = PBXNativeTarget;
			buildConfigurationList = 9CDE22292433BB9700A3505A /* Build configuration list for PBXNativeTarget "covid-info" */;
			buildPhases = (
				9CDE21F82433BB9400A3505A /* Sources */,
				9CDE21F92433BB9400A3505A /* Frameworks */,
				9CDE21FA2433BB9400A3505A /* Resources */,
			);
			buildRules = (
			);
			dependencies = (
			);
			name = "covid-info";
			productName = "covid-info";
			productReference = 9CDE21FC2433BB9400A3505A /* covid-info.app */;
			productType = "com.apple.product-type.application";
		};
		9CDE22142433BB9700A3505A /* covid-infoTests */ = {
			isa = PBXNativeTarget;
			buildConfigurationList = 9CDE222C2433BB9700A3505A /* Build configuration list for PBXNativeTarget "covid-infoTests" */;
			buildPhases = (
				9CDE22112433BB9700A3505A /* Sources */,
				9CDE22122433BB9700A3505A /* Frameworks */,
				9CDE22132433BB9700A3505A /* Resources */,
			);
			buildRules = (
			);
			dependencies = (
				9CDE22172433BB9700A3505A /* PBXTargetDependency */,
			);
			name = "covid-infoTests";
			productName = "covid-infoTests";
			productReference = 9CDE22152433BB9700A3505A /* covid-infoTests.xctest */;
			productType = "com.apple.product-type.bundle.unit-test";
		};
		9CDE221F2433BB9700A3505A /* covid-infoUITests */ = {
			isa = PBXNativeTarget;
			buildConfigurationList = 9CDE222F2433BB9700A3505A /* Build configuration list for PBXNativeTarget "covid-infoUITests" */;
			buildPhases = (
				9CDE221C2433BB9700A3505A /* Sources */,
				9CDE221D2433BB9700A3505A /* Frameworks */,
				9CDE221E2433BB9700A3505A /* Resources */,
			);
			buildRules = (
			);
			dependencies = (
				9CDE22222433BB9700A3505A /* PBXTargetDependency */,
			);
			name = "covid-infoUITests";
			productName = "covid-infoUITests";
			productReference = 9CDE22202433BB9700A3505A /* covid-infoUITests.xctest */;
			productType = "com.apple.product-type.bundle.ui-testing";
		};
/* End PBXNativeTarget section */

/* Begin PBXProject section */
		9CDE21F42433BB9400A3505A /* Project object */ = {
			isa = PBXProject;
			attributes = {
				LastSwiftUpdateCheck = 1130;
				LastUpgradeCheck = 1130;
				ORGANIZATIONNAME = "Masha Vodolazkaya";
				TargetAttributes = {
					9CDE21FB2433BB9400A3505A = {
						CreatedOnToolsVersion = 11.3.1;
					};
					9CDE22142433BB9700A3505A = {
						CreatedOnToolsVersion = 11.3.1;
						TestTargetID = 9CDE21FB2433BB9400A3505A;
					};
					9CDE221F2433BB9700A3505A = {
						CreatedOnToolsVersion = 11.3.1;
						TestTargetID = 9CDE21FB2433BB9400A3505A;
					};
				};
			};
			buildConfigurationList = 9CDE21F72433BB9400A3505A /* Build configuration list for PBXProject "covid-info" */;
			compatibilityVersion = "Xcode 9.3";
			developmentRegion = en;
			hasScannedForEncodings = 0;
			knownRegions = (
				en,
				Base,
				ru,
			);
			mainGroup = 9CDE21F32433BB9400A3505A;
			productRefGroup = 9CDE21FD2433BB9400A3505A /* Products */;
			projectDirPath = "";
			projectRoot = "";
			targets = (
				9CDE21FB2433BB9400A3505A /* covid-info */,
				9CDE22142433BB9700A3505A /* covid-infoTests */,
				9CDE221F2433BB9700A3505A /* covid-infoUITests */,
			);
		};
/* End PBXProject section */

/* Begin PBXResourcesBuildPhase section */
		9CDE21FA2433BB9400A3505A /* Resources */ = {
			isa = PBXResourcesBuildPhase;
			buildActionMask = 2147483647;
			files = (
				9CDE220F2433BB9700A3505A /* LaunchScreen.storyboard in Resources */,
				9CDE224D2434AA2B00A3505A /* Localizable.strings in Resources */,
				9CDE220C2433BB9700A3505A /* Assets.xcassets in Resources */,
				9CDE22072433BB9400A3505A /* Main.storyboard in Resources */,
			);
			runOnlyForDeploymentPostprocessing = 0;
		};
		9CDE22132433BB9700A3505A /* Resources */ = {
			isa = PBXResourcesBuildPhase;
			buildActionMask = 2147483647;
			files = (
			);
			runOnlyForDeploymentPostprocessing = 0;
		};
		9CDE221E2433BB9700A3505A /* Resources */ = {
			isa = PBXResourcesBuildPhase;
			buildActionMask = 2147483647;
			files = (
			);
			runOnlyForDeploymentPostprocessing = 0;
		};
/* End PBXResourcesBuildPhase section */

/* Begin PBXSourcesBuildPhase section */
		9CDE21F82433BB9400A3505A /* Sources */ = {
			isa = PBXSourcesBuildPhase;
			buildActionMask = 2147483647;
			files = (
				9CDE22042433BB9400A3505A /* ViewController.swift in Sources */,
				9CDE22382433BEB800A3505A /* Logger.swift in Sources */,
				9CDE22002433BB9400A3505A /* AppDelegate.swift in Sources */,
				9CDE223A2433BEB800A3505A /* Extensions.swift in Sources */,
				9CDE223F2433BEC000A3505A /* APIWorker.swift in Sources */,
				9CDE22332433BE0D00A3505A /* CountryCardsTableViewController.swift in Sources */,
				9C9D4FDD2434E2C700B1C9EC /* NewsCardsTableViewController.swift in Sources */,
				9CDE22022433BB9400A3505A /* SceneDelegate.swift in Sources */,
				9CDE220A2433BB9400A3505A /* covid_info.xcdatamodeld in Sources */,
				9CDE22392433BEB800A3505A /* ColorExtensions.swift in Sources */,
				9CDE22402433BEC000A3505A /* DTO.swift in Sources */,
				9CDE22412433BEC000A3505A /* XMLParserManager.swift in Sources */,
			);
			runOnlyForDeploymentPostprocessing = 0;
		};
		9CDE22112433BB9700A3505A /* Sources */ = {
			isa = PBXSourcesBuildPhase;
			buildActionMask = 2147483647;
			files = (
				9CDE221A2433BB9700A3505A /* covid_infoTests.swift in Sources */,
			);
			runOnlyForDeploymentPostprocessing = 0;
		};
		9CDE221C2433BB9700A3505A /* Sources */ = {
			isa = PBXSourcesBuildPhase;
			buildActionMask = 2147483647;
			files = (
				9CDE22252433BB9700A3505A /* covid_infoUITests.swift in Sources */,
			);
			runOnlyForDeploymentPostprocessing = 0;
		};
/* End PBXSourcesBuildPhase section */

/* Begin PBXTargetDependency section */
		9CDE22172433BB9700A3505A /* PBXTargetDependency */ = {
			isa = PBXTargetDependency;
			target = 9CDE21FB2433BB9400A3505A /* covid-info */;
			targetProxy = 9CDE22162433BB9700A3505A /* PBXContainerItemProxy */;
		};
		9CDE22222433BB9700A3505A /* PBXTargetDependency */ = {
			isa = PBXTargetDependency;
			target = 9CDE21FB2433BB9400A3505A /* covid-info */;
			targetProxy = 9CDE22212433BB9700A3505A /* PBXContainerItemProxy */;
		};
/* End PBXTargetDependency section */

/* Begin PBXVariantGroup section */
		9CDE22052433BB9400A3505A /* Main.storyboard */ = {
			isa = PBXVariantGroup;
			children = (
				9CDE22062433BB9400A3505A /* Base */,
				9CDE22532434C06700A3505A /* en */,
				9CDE22542434C06D00A3505A /* ru */,
			);
			name = Main.storyboard;
			sourceTree = "<group>";
		};
		9CDE220D2433BB9700A3505A /* LaunchScreen.storyboard */ = {
			isa = PBXVariantGroup;
			children = (
				9CDE220E2433BB9700A3505A /* Base */,
			);
			name = LaunchScreen.storyboard;
			sourceTree = "<group>";
		};
		9CDE224B2434AA2B00A3505A /* Localizable.strings */ = {
			isa = PBXVariantGroup;
			children = (
				9CDE224C2434AA2B00A3505A /* en */,
				9CDE224E2434AA4300A3505A /* ru */,
			);
			name = Localizable.strings;
			sourceTree = "<group>";
		};
/* End PBXVariantGroup section */

/* Begin XCBuildConfiguration section */
		9CDE22272433BB9700A3505A /* Debug */ = {
			isa = XCBuildConfiguration;
			buildSettings = {
				ALWAYS_SEARCH_USER_PATHS = NO;
				CLANG_ANALYZER_NONNULL = YES;
				CLANG_ANALYZER_NUMBER_OBJECT_CONVERSION = YES_AGGRESSIVE;
				CLANG_CXX_LANGUAGE_STANDARD = "gnu++14";
				CLANG_CXX_LIBRARY = "libc++";
				CLANG_ENABLE_MODULES = YES;
				CLANG_ENABLE_OBJC_ARC = YES;
				CLANG_ENABLE_OBJC_WEAK = YES;
				CLANG_WARN_BLOCK_CAPTURE_AUTORELEASING = YES;
				CLANG_WARN_BOOL_CONVERSION = YES;
				CLANG_WARN_COMMA = YES;
				CLANG_WARN_CONSTANT_CONVERSION = YES;
				CLANG_WARN_DEPRECATED_OBJC_IMPLEMENTATIONS = YES;
				CLANG_WARN_DIRECT_OBJC_ISA_USAGE = YES_ERROR;
				CLANG_WARN_DOCUMENTATION_COMMENTS = YES;
				CLANG_WARN_EMPTY_BODY = YES;
				CLANG_WARN_ENUM_CONVERSION = YES;
				CLANG_WARN_INFINITE_RECURSION = YES;
				CLANG_WARN_INT_CONVERSION = YES;
				CLANG_WARN_NON_LITERAL_NULL_CONVERSION = YES;
				CLANG_WARN_OBJC_IMPLICIT_RETAIN_SELF = YES;
				CLANG_WARN_OBJC_LITERAL_CONVERSION = YES;
				CLANG_WARN_OBJC_ROOT_CLASS = YES_ERROR;
				CLANG_WARN_RANGE_LOOP_ANALYSIS = YES;
				CLANG_WARN_STRICT_PROTOTYPES = YES;
				CLANG_WARN_SUSPICIOUS_MOVE = YES;
				CLANG_WARN_UNGUARDED_AVAILABILITY = YES_AGGRESSIVE;
				CLANG_WARN_UNREACHABLE_CODE = YES;
				CLANG_WARN__DUPLICATE_METHOD_MATCH = YES;
				COPY_PHASE_STRIP = NO;
				DEBUG_INFORMATION_FORMAT = dwarf;
				ENABLE_STRICT_OBJC_MSGSEND = YES;
				ENABLE_TESTABILITY = YES;
				GCC_C_LANGUAGE_STANDARD = gnu11;
				GCC_DYNAMIC_NO_PIC = NO;
				GCC_NO_COMMON_BLOCKS = YES;
				GCC_OPTIMIZATION_LEVEL = 0;
				GCC_PREPROCESSOR_DEFINITIONS = (
					"DEBUG=1",
					"$(inherited)",
				);
				GCC_WARN_64_TO_32_BIT_CONVERSION = YES;
				GCC_WARN_ABOUT_RETURN_TYPE = YES_ERROR;
				GCC_WARN_UNDECLARED_SELECTOR = YES;
				GCC_WARN_UNINITIALIZED_AUTOS = YES_AGGRESSIVE;
				GCC_WARN_UNUSED_FUNCTION = YES;
				GCC_WARN_UNUSED_VARIABLE = YES;
				IPHONEOS_DEPLOYMENT_TARGET = 13.2;
				MTL_ENABLE_DEBUG_INFO = INCLUDE_SOURCE;
				MTL_FAST_MATH = YES;
				ONLY_ACTIVE_ARCH = YES;
				SDKROOT = iphoneos;
				SWIFT_ACTIVE_COMPILATION_CONDITIONS = DEBUG;
				SWIFT_OPTIMIZATION_LEVEL = "-Onone";
			};
			name = Debug;
		};
		9CDE22282433BB9700A3505A /* Release */ = {
			isa = XCBuildConfiguration;
			buildSettings = {
				ALWAYS_SEARCH_USER_PATHS = NO;
				CLANG_ANALYZER_NONNULL = YES;
				CLANG_ANALYZER_NUMBER_OBJECT_CONVERSION = YES_AGGRESSIVE;
				CLANG_CXX_LANGUAGE_STANDARD = "gnu++14";
				CLANG_CXX_LIBRARY = "libc++";
				CLANG_ENABLE_MODULES = YES;
				CLANG_ENABLE_OBJC_ARC = YES;
				CLANG_ENABLE_OBJC_WEAK = YES;
				CLANG_WARN_BLOCK_CAPTURE_AUTORELEASING = YES;
				CLANG_WARN_BOOL_CONVERSION = YES;
				CLANG_WARN_COMMA = YES;
				CLANG_WARN_CONSTANT_CONVERSION = YES;
				CLANG_WARN_DEPRECATED_OBJC_IMPLEMENTATIONS = YES;
				CLANG_WARN_DIRECT_OBJC_ISA_USAGE = YES_ERROR;
				CLANG_WARN_DOCUMENTATION_COMMENTS = YES;
				CLANG_WARN_EMPTY_BODY = YES;
				CLANG_WARN_ENUM_CONVERSION = YES;
				CLANG_WARN_INFINITE_RECURSION = YES;
				CLANG_WARN_INT_CONVERSION = YES;
				CLANG_WARN_NON_LITERAL_NULL_CONVERSION = YES;
				CLANG_WARN_OBJC_IMPLICIT_RETAIN_SELF = YES;
				CLANG_WARN_OBJC_LITERAL_CONVERSION = YES;
				CLANG_WARN_OBJC_ROOT_CLASS = YES_ERROR;
				CLANG_WARN_RANGE_LOOP_ANALYSIS = YES;
				CLANG_WARN_STRICT_PROTOTYPES = YES;
				CLANG_WARN_SUSPICIOUS_MOVE = YES;
				CLANG_WARN_UNGUARDED_AVAILABILITY = YES_AGGRESSIVE;
				CLANG_WARN_UNREACHABLE_CODE = YES;
				CLANG_WARN__DUPLICATE_METHOD_MATCH = YES;
				COPY_PHASE_STRIP = NO;
				DEBUG_INFORMATION_FORMAT = "dwarf-with-dsym";
				ENABLE_NS_ASSERTIONS = NO;
				ENABLE_STRICT_OBJC_MSGSEND = YES;
				GCC_C_LANGUAGE_STANDARD = gnu11;
				GCC_NO_COMMON_BLOCKS = YES;
				GCC_WARN_64_TO_32_BIT_CONVERSION = YES;
				GCC_WARN_ABOUT_RETURN_TYPE = YES_ERROR;
				GCC_WARN_UNDECLARED_SELECTOR = YES;
				GCC_WARN_UNINITIALIZED_AUTOS = YES_AGGRESSIVE;
				GCC_WARN_UNUSED_FUNCTION = YES;
				GCC_WARN_UNUSED_VARIABLE = YES;
				IPHONEOS_DEPLOYMENT_TARGET = 13.2;
				MTL_ENABLE_DEBUG_INFO = NO;
				MTL_FAST_MATH = YES;
				SDKROOT = iphoneos;
				SWIFT_COMPILATION_MODE = wholemodule;
				SWIFT_OPTIMIZATION_LEVEL = "-O";
				VALIDATE_PRODUCT = YES;
			};
			name = Release;
		};
		9CDE222A2433BB9700A3505A /* Debug */ = {
			isa = XCBuildConfiguration;
			buildSettings = {
				ASSETCATALOG_COMPILER_APPICON_NAME = AppIcon;
				CODE_SIGN_STYLE = Automatic;
				DEVELOPMENT_TEAM = UKBNTL7HA9;
				INFOPLIST_FILE = "covid-info/Info.plist";
				LD_RUNPATH_SEARCH_PATHS = (
					"$(inherited)",
					"@executable_path/Frameworks",
				);
				PRODUCT_BUNDLE_IDENTIFIER = "geomatix.cz.covid-info";
				PRODUCT_NAME = "$(TARGET_NAME)";
				SWIFT_VERSION = 5.0;
				TARGETED_DEVICE_FAMILY = "1,2";
			};
			name = Debug;
		};
		9CDE222B2433BB9700A3505A /* Release */ = {
			isa = XCBuildConfiguration;
			buildSettings = {
				ASSETCATALOG_COMPILER_APPICON_NAME = AppIcon;
				CODE_SIGN_STYLE = Automatic;
				DEVELOPMENT_TEAM = UKBNTL7HA9;
				INFOPLIST_FILE = "covid-info/Info.plist";
				LD_RUNPATH_SEARCH_PATHS = (
					"$(inherited)",
					"@executable_path/Frameworks",
				);
				PRODUCT_BUNDLE_IDENTIFIER = "geomatix.cz.covid-info";
				PRODUCT_NAME = "$(TARGET_NAME)";
				SWIFT_VERSION = 5.0;
				TARGETED_DEVICE_FAMILY = "1,2";
			};
			name = Release;
		};
		9CDE222D2433BB9700A3505A /* Debug */ = {
			isa = XCBuildConfiguration;
			buildSettings = {
				ALWAYS_EMBED_SWIFT_STANDARD_LIBRARIES = YES;
				BUNDLE_LOADER = "$(TEST_HOST)";
				CODE_SIGN_STYLE = Automatic;
				INFOPLIST_FILE = "covid-infoTests/Info.plist";
				IPHONEOS_DEPLOYMENT_TARGET = 13.2;
				LD_RUNPATH_SEARCH_PATHS = (
					"$(inherited)",
					"@executable_path/Frameworks",
					"@loader_path/Frameworks",
				);
				PRODUCT_BUNDLE_IDENTIFIER = "geomatix.cz.covid-infoTests";
				PRODUCT_NAME = "$(TARGET_NAME)";
				SWIFT_VERSION = 5.0;
				TARGETED_DEVICE_FAMILY = "1,2";
				TEST_HOST = "$(BUILT_PRODUCTS_DIR)/covid-info.app/covid-info";
			};
			name = Debug;
		};
		9CDE222E2433BB9700A3505A /* Release */ = {
			isa = XCBuildConfiguration;
			buildSettings = {
				ALWAYS_EMBED_SWIFT_STANDARD_LIBRARIES = YES;
				BUNDLE_LOADER = "$(TEST_HOST)";
				CODE_SIGN_STYLE = Automatic;
				INFOPLIST_FILE = "covid-infoTests/Info.plist";
				IPHONEOS_DEPLOYMENT_TARGET = 13.2;
				LD_RUNPATH_SEARCH_PATHS = (
					"$(inherited)",
					"@executable_path/Frameworks",
					"@loader_path/Frameworks",
				);
				PRODUCT_BUNDLE_IDENTIFIER = "geomatix.cz.covid-infoTests";
				PRODUCT_NAME = "$(TARGET_NAME)";
				SWIFT_VERSION = 5.0;
				TARGETED_DEVICE_FAMILY = "1,2";
				TEST_HOST = "$(BUILT_PRODUCTS_DIR)/covid-info.app/covid-info";
			};
			name = Release;
		};
		9CDE22302433BB9700A3505A /* Debug */ = {
			isa = XCBuildConfiguration;
			buildSettings = {
				ALWAYS_EMBED_SWIFT_STANDARD_LIBRARIES = YES;
				CODE_SIGN_STYLE = Automatic;
				INFOPLIST_FILE = "covid-infoUITests/Info.plist";
				LD_RUNPATH_SEARCH_PATHS = (
					"$(inherited)",
					"@executable_path/Frameworks",
					"@loader_path/Frameworks",
				);
				PRODUCT_BUNDLE_IDENTIFIER = "geomatix.cz.covid-infoUITests";
				PRODUCT_NAME = "$(TARGET_NAME)";
				SWIFT_VERSION = 5.0;
				TARGETED_DEVICE_FAMILY = "1,2";
				TEST_TARGET_NAME = "covid-info";
			};
			name = Debug;
		};
		9CDE22312433BB9700A3505A /* Release */ = {
			isa = XCBuildConfiguration;
			buildSettings = {
				ALWAYS_EMBED_SWIFT_STANDARD_LIBRARIES = YES;
				CODE_SIGN_STYLE = Automatic;
				INFOPLIST_FILE = "covid-infoUITests/Info.plist";
				LD_RUNPATH_SEARCH_PATHS = (
					"$(inherited)",
					"@executable_path/Frameworks",
					"@loader_path/Frameworks",
				);
				PRODUCT_BUNDLE_IDENTIFIER = "geomatix.cz.covid-infoUITests";
				PRODUCT_NAME = "$(TARGET_NAME)";
				SWIFT_VERSION = 5.0;
				TARGETED_DEVICE_FAMILY = "1,2";
				TEST_TARGET_NAME = "covid-info";
			};
			name = Release;
		};
/* End XCBuildConfiguration section */

/* Begin XCConfigurationList section */
		9CDE21F72433BB9400A3505A /* Build configuration list for PBXProject "covid-info" */ = {
			isa = XCConfigurationList;
			buildConfigurations = (
				9CDE22272433BB9700A3505A /* Debug */,
				9CDE22282433BB9700A3505A /* Release */,
			);
			defaultConfigurationIsVisible = 0;
			defaultConfigurationName = Release;
		};
		9CDE22292433BB9700A3505A /* Build configuration list for PBXNativeTarget "covid-info" */ = {
			isa = XCConfigurationList;
			buildConfigurations = (
				9CDE222A2433BB9700A3505A /* Debug */,
				9CDE222B2433BB9700A3505A /* Release */,
			);
			defaultConfigurationIsVisible = 0;
			defaultConfigurationName = Release;
		};
		9CDE222C2433BB9700A3505A /* Build configuration list for PBXNativeTarget "covid-infoTests" */ = {
			isa = XCConfigurationList;
			buildConfigurations = (
				9CDE222D2433BB9700A3505A /* Debug */,
				9CDE222E2433BB9700A3505A /* Release */,
			);
			defaultConfigurationIsVisible = 0;
			defaultConfigurationName = Release;
		};
		9CDE222F2433BB9700A3505A /* Build configuration list for PBXNativeTarget "covid-infoUITests" */ = {
			isa = XCConfigurationList;
			buildConfigurations = (
				9CDE22302433BB9700A3505A /* Debug */,
				9CDE22312433BB9700A3505A /* Release */,
			);
			defaultConfigurationIsVisible = 0;
			defaultConfigurationName = Release;
		};
/* End XCConfigurationList section */

/* Begin XCVersionGroup section */
		9CDE22082433BB9400A3505A /* covid_info.xcdatamodeld */ = {
			isa = XCVersionGroup;
			children = (
				9CDE22092433BB9400A3505A /* covid_info.xcdatamodel */,
			);
			currentVersion = 9CDE22092433BB9400A3505A /* covid_info.xcdatamodel */;
			path = covid_info.xcdatamodeld;
			sourceTree = "<group>";
			versionGroupType = wrapper.xcdatamodel;
		};
/* End XCVersionGroup section */
	};
	rootObject = 9CDE21F42433BB9400A3505A /* Project object */;
}
